// !$*UTF8*$!
{
	archiveVersion = 1;
	classes = {
	};
	objectVersion = 50;
	objects = {

/* Begin PBXBuildFile section */
		1F8678162141B211002685A4 /* AppDelegate.swift in Sources */ = {isa = PBXBuildFile; fileRef = 1F8678152141B211002685A4 /* AppDelegate.swift */; };
		1F8678182141B211002685A4 /* ViewController.swift in Sources */ = {isa = PBXBuildFile; fileRef = 1F8678172141B211002685A4 /* ViewController.swift */; };
		1F86781B2141B211002685A4 /* Main.storyboard in Resources */ = {isa = PBXBuildFile; fileRef = 1F8678192141B211002685A4 /* Main.storyboard */; };
		1F86781D2141B212002685A4 /* Assets.xcassets in Resources */ = {isa = PBXBuildFile; fileRef = 1F86781C2141B212002685A4 /* Assets.xcassets */; };
		1F8678202141B212002685A4 /* LaunchScreen.storyboard in Resources */ = {isa = PBXBuildFile; fileRef = 1F86781E2141B212002685A4 /* LaunchScreen.storyboard */; };
		1F86782B2141B212002685A4 /* Keto_StationTests.swift in Sources */ = {isa = PBXBuildFile; fileRef = 1F86782A2141B212002685A4 /* Keto_StationTests.swift */; };
		1F8678362141B212002685A4 /* Keto_StationUITests.swift in Sources */ = {isa = PBXBuildFile; fileRef = 1F8678352141B212002685A4 /* Keto_StationUITests.swift */; };
/* End PBXBuildFile section */

/* Begin PBXContainerItemProxy section */
		1F8678272141B212002685A4 /* PBXContainerItemProxy */ = {
			isa = PBXContainerItemProxy;
			containerPortal = 1F86780A2141B211002685A4 /* Project object */;
			proxyType = 1;
			remoteGlobalIDString = 1F8678112141B211002685A4;
			remoteInfo = "Keto-Station";
		};
		1F8678322141B212002685A4 /* PBXContainerItemProxy */ = {
			isa = PBXContainerItemProxy;
			containerPortal = 1F86780A2141B211002685A4 /* Project object */;
			proxyType = 1;
			remoteGlobalIDString = 1F8678112141B211002685A4;
			remoteInfo = "Keto-Station";
		};
/* End PBXContainerItemProxy section */

/* Begin PBXFileReference section */
		1F8678122141B211002685A4 /* Keto-Station.app */ = {isa = PBXFileReference; explicitFileType = wrapper.application; includeInIndex = 0; path = "Keto-Station.app"; sourceTree = BUILT_PRODUCTS_DIR; };
		1F8678152141B211002685A4 /* AppDelegate.swift */ = {isa = PBXFileReference; lastKnownFileType = sourcecode.swift; path = AppDelegate.swift; sourceTree = "<group>"; };
		1F8678172141B211002685A4 /* ViewController.swift */ = {isa = PBXFileReference; lastKnownFileType = sourcecode.swift; path = ViewController.swift; sourceTree = "<group>"; };
		1F86781A2141B211002685A4 /* Base */ = {isa = PBXFileReference; lastKnownFileType = file.storyboard; name = Base; path = Base.lproj/Main.storyboard; sourceTree = "<group>"; };
		1F86781C2141B212002685A4 /* Assets.xcassets */ = {isa = PBXFileReference; lastKnownFileType = folder.assetcatalog; path = Assets.xcassets; sourceTree = "<group>"; };
		1F86781F2141B212002685A4 /* Base */ = {isa = PBXFileReference; lastKnownFileType = file.storyboard; name = Base; path = Base.lproj/LaunchScreen.storyboard; sourceTree = "<group>"; };
		1F8678212141B212002685A4 /* Info.plist */ = {isa = PBXFileReference; lastKnownFileType = text.plist.xml; path = Info.plist; sourceTree = "<group>"; };
		1F8678262141B212002685A4 /* Keto-StationTests.xctest */ = {isa = PBXFileReference; explicitFileType = wrapper.cfbundle; includeInIndex = 0; path = "Keto-StationTests.xctest"; sourceTree = BUILT_PRODUCTS_DIR; };
		1F86782A2141B212002685A4 /* Keto_StationTests.swift */ = {isa = PBXFileReference; lastKnownFileType = sourcecode.swift; path = Keto_StationTests.swift; sourceTree = "<group>"; };
		1F86782C2141B212002685A4 /* Info.plist */ = {isa = PBXFileReference; lastKnownFileType = text.plist.xml; path = Info.plist; sourceTree = "<group>"; };
		1F8678312141B212002685A4 /* Keto-StationUITests.xctest */ = {isa = PBXFileReference; explicitFileType = wrapper.cfbundle; includeInIndex = 0; path = "Keto-StationUITests.xctest"; sourceTree = BUILT_PRODUCTS_DIR; };
		1F8678352141B212002685A4 /* Keto_StationUITests.swift */ = {isa = PBXFileReference; lastKnownFileType = sourcecode.swift; path = Keto_StationUITests.swift; sourceTree = "<group>"; };
		1F8678372141B212002685A4 /* Info.plist */ = {isa = PBXFileReference; lastKnownFileType = text.plist.xml; path = Info.plist; sourceTree = "<group>"; };
/* End PBXFileReference section */

/* Begin PBXFrameworksBuildPhase section */
		1F86780F2141B211002685A4 /* Frameworks */ = {
			isa = PBXFrameworksBuildPhase;
			buildActionMask = 2147483647;
			files = (
			);
			runOnlyForDeploymentPostprocessing = 0;
		};
		1F8678232141B212002685A4 /* Frameworks */ = {
			isa = PBXFrameworksBuildPhase;
			buildActionMask = 2147483647;
			files = (
			);
			runOnlyForDeploymentPostprocessing = 0;
		};
		1F86782E2141B212002685A4 /* Frameworks */ = {
			isa = PBXFrameworksBuildPhase;
			buildActionMask = 2147483647;
			files = (
			);
			runOnlyForDeploymentPostprocessing = 0;
		};
/* End PBXFrameworksBuildPhase section */

/* Begin PBXGroup section */
		1F8678092141B211002685A4 = {
			isa = PBXGroup;
			children = (
				1F8678142141B211002685A4 /* Keto-Station */,
				1F8678292141B212002685A4 /* Keto-StationTests */,
				1F8678342141B212002685A4 /* Keto-StationUITests */,
				1F8678132141B211002685A4 /* Products */,
			);
			sourceTree = "<group>";
		};
		1F8678132141B211002685A4 /* Products */ = {
			isa = PBXGroup;
			children = (
				1F8678122141B211002685A4 /* Keto-Station.app */,
				1F8678262141B212002685A4 /* Keto-StationTests.xctest */,
				1F8678312141B212002685A4 /* Keto-StationUITests.xctest */,
			);
			name = Products;
			sourceTree = "<group>";
		};
		1F8678142141B211002685A4 /* Keto-Station */ = {
			isa = PBXGroup;
			children = (
				1F8678152141B211002685A4 /* AppDelegate.swift */,
				1F8678172141B211002685A4 /* ViewController.swift */,
				1F8678192141B211002685A4 /* Main.storyboard */,
				1F86781C2141B212002685A4 /* Assets.xcassets */,
				1F86781E2141B212002685A4 /* LaunchScreen.storyboard */,
				1F8678212141B212002685A4 /* Info.plist */,
			);
			path = "Keto-Station";
			sourceTree = "<group>";
		};
		1F8678292141B212002685A4 /* Keto-StationTests */ = {
			isa = PBXGroup;
			children = (
				1F86782A2141B212002685A4 /* Keto_StationTests.swift */,
				1F86782C2141B212002685A4 /* Info.plist */,
			);
			path = "Keto-StationTests";
			sourceTree = "<group>";
		};
		1F8678342141B212002685A4 /* Keto-StationUITests */ = {
			isa = PBXGroup;
			children = (
				1F8678352141B212002685A4 /* Keto_StationUITests.swift */,
				1F8678372141B212002685A4 /* Info.plist */,
			);
			path = "Keto-StationUITests";
			sourceTree = "<group>";
		};
/* End PBXGroup section */

/* Begin PBXNativeTarget section */
		1F8678112141B211002685A4 /* Keto-Station */ = {
			isa = PBXNativeTarget;
			buildConfigurationList = 1F86783A2141B212002685A4 /* Build configuration list for PBXNativeTarget "Keto-Station" */;
			buildPhases = (
				1F86780E2141B211002685A4 /* Sources */,
				1F86780F2141B211002685A4 /* Frameworks */,
				1F8678102141B211002685A4 /* Resources */,
			);
			buildRules = (
			);
			dependencies = (
			);
			name = "Keto-Station";
			productName = "Keto-Station";
			productReference = 1F8678122141B211002685A4 /* Keto-Station.app */;
			productType = "com.apple.product-type.application";
		};
		1F8678252141B212002685A4 /* Keto-StationTests */ = {
			isa = PBXNativeTarget;
			buildConfigurationList = 1F86783D2141B212002685A4 /* Build configuration list for PBXNativeTarget "Keto-StationTests" */;
			buildPhases = (
				1F8678222141B212002685A4 /* Sources */,
				1F8678232141B212002685A4 /* Frameworks */,
				1F8678242141B212002685A4 /* Resources */,
			);
			buildRules = (
			);
			dependencies = (
				1F8678282141B212002685A4 /* PBXTargetDependency */,
			);
			name = "Keto-StationTests";
			productName = "Keto-StationTests";
			productReference = 1F8678262141B212002685A4 /* Keto-StationTests.xctest */;
			productType = "com.apple.product-type.bundle.unit-test";
		};
		1F8678302141B212002685A4 /* Keto-StationUITests */ = {
			isa = PBXNativeTarget;
			buildConfigurationList = 1F8678402141B212002685A4 /* Build configuration list for PBXNativeTarget "Keto-StationUITests" */;
			buildPhases = (
				1F86782D2141B212002685A4 /* Sources */,
				1F86782E2141B212002685A4 /* Frameworks */,
				1F86782F2141B212002685A4 /* Resources */,
			);
			buildRules = (
			);
			dependencies = (
				1F8678332141B212002685A4 /* PBXTargetDependency */,
			);
			name = "Keto-StationUITests";
			productName = "Keto-StationUITests";
			productReference = 1F8678312141B212002685A4 /* Keto-StationUITests.xctest */;
			productType = "com.apple.product-type.bundle.ui-testing";
		};
/* End PBXNativeTarget section */

/* Begin PBXProject section */
		1F86780A2141B211002685A4 /* Project object */ = {
			isa = PBXProject;
			attributes = {
				LastSwiftUpdateCheck = 0940;
				LastUpgradeCheck = 0940;
				ORGANIZATIONNAME = "Ali Halawa";
				TargetAttributes = {
					1F8678112141B211002685A4 = {
						CreatedOnToolsVersion = 9.4.1;
					};
					1F8678252141B212002685A4 = {
						CreatedOnToolsVersion = 9.4.1;
						TestTargetID = 1F8678112141B211002685A4;
					};
					1F8678302141B212002685A4 = {
						CreatedOnToolsVersion = 9.4.1;
						TestTargetID = 1F8678112141B211002685A4;
					};
				};
			};
			buildConfigurationList = 1F86780D2141B211002685A4 /* Build configuration list for PBXProject "Keto-Station" */;
			compatibilityVersion = "Xcode 9.3";
			developmentRegion = en;
			hasScannedForEncodings = 0;
			knownRegions = (
				en,
				Base,
			);
			mainGroup = 1F8678092141B211002685A4;
			productRefGroup = 1F8678132141B211002685A4 /* Products */;
			projectDirPath = "";
			projectRoot = "";
			targets = (
				1F8678112141B211002685A4 /* Keto-Station */,
				1F8678252141B212002685A4 /* Keto-StationTests */,
				1F8678302141B212002685A4 /* Keto-StationUITests */,
			);
		};
/* End PBXProject section */

/* Begin PBXResourcesBuildPhase section */
		1F8678102141B211002685A4 /* Resources */ = {
			isa = PBXResourcesBuildPhase;
			buildActionMask = 2147483647;
			files = (
				1F8678202141B212002685A4 /* LaunchScreen.storyboard in Resources */,
				1F86781D2141B212002685A4 /* Assets.xcassets in Resources */,
				1F86781B2141B211002685A4 /* Main.storyboard in Resources */,
			);
			runOnlyForDeploymentPostprocessing = 0;
		};
		1F8678242141B212002685A4 /* Resources */ = {
			isa = PBXResourcesBuildPhase;
			buildActionMask = 2147483647;
			files = (
			);
			runOnlyForDeploymentPostprocessing = 0;
		};
		1F86782F2141B212002685A4 /* Resources */ = {
			isa = PBXResourcesBuildPhase;
			buildActionMask = 2147483647;
			files = (
			);
			runOnlyForDeploymentPostprocessing = 0;
		};
/* End PBXResourcesBuildPhase section */

/* Begin PBXSourcesBuildPhase section */
		1F86780E2141B211002685A4 /* Sources */ = {
			isa = PBXSourcesBuildPhase;
			buildActionMask = 2147483647;
			files = (
				1F8678182141B211002685A4 /* ViewController.swift in Sources */,
				1F8678162141B211002685A4 /* AppDelegate.swift in Sources */,
			);
			runOnlyForDeploymentPostprocessing = 0;
		};
		1F8678222141B212002685A4 /* Sources */ = {
			isa = PBXSourcesBuildPhase;
			buildActionMask = 2147483647;
			files = (
				1F86782B2141B212002685A4 /* Keto_StationTests.swift in Sources */,
			);
			runOnlyForDeploymentPostprocessing = 0;
		};
		1F86782D2141B212002685A4 /* Sources */ = {
			isa = PBXSourcesBuildPhase;
			buildActionMask = 2147483647;
			files = (
				1F8678362141B212002685A4 /* Keto_StationUITests.swift in Sources */,
			);
			runOnlyForDeploymentPostprocessing = 0;
		};
/* End PBXSourcesBuildPhase section */

/* Begin PBXTargetDependency section */
		1F8678282141B212002685A4 /* PBXTargetDependency */ = {
			isa = PBXTargetDependency;
			target = 1F8678112141B211002685A4 /* Keto-Station */;
			targetProxy = 1F8678272141B212002685A4 /* PBXContainerItemProxy */;
		};
		1F8678332141B212002685A4 /* PBXTargetDependency */ = {
			isa = PBXTargetDependency;
			target = 1F8678112141B211002685A4 /* Keto-Station */;
			targetProxy = 1F8678322141B212002685A4 /* PBXContainerItemProxy */;
		};
/* End PBXTargetDependency section */

/* Begin PBXVariantGroup section */
		1F8678192141B211002685A4 /* Main.storyboard */ = {
			isa = PBXVariantGroup;
			children = (
				1F86781A2141B211002685A4 /* Base */,
			);
			name = Main.storyboard;
			sourceTree = "<group>";
		};
		1F86781E2141B212002685A4 /* LaunchScreen.storyboard */ = {
			isa = PBXVariantGroup;
			children = (
				1F86781F2141B212002685A4 /* Base */,
			);
			name = LaunchScreen.storyboard;
			sourceTree = "<group>";
		};
/* End PBXVariantGroup section */

/* Begin XCBuildConfiguration section */
		1F8678382141B212002685A4 /* Debug */ = {
			isa = XCBuildConfiguration;
			buildSettings = {
				ALWAYS_SEARCH_USER_PATHS = NO;
				CLANG_ANALYZER_NONNULL = YES;
				CLANG_ANALYZER_NUMBER_OBJECT_CONVERSION = YES_AGGRESSIVE;
				CLANG_CXX_LANGUAGE_STANDARD = "gnu++14";
				CLANG_CXX_LIBRARY = "libc++";
				CLANG_ENABLE_MODULES = YES;
				CLANG_ENABLE_OBJC_ARC = YES;
				CLANG_ENABLE_OBJC_WEAK = YES;
				CLANG_WARN_BLOCK_CAPTURE_AUTORELEASING = YES;
				CLANG_WARN_BOOL_CONVERSION = YES;
				CLANG_WARN_COMMA = YES;
				CLANG_WARN_CONSTANT_CONVERSION = YES;
				CLANG_WARN_DEPRECATED_OBJC_IMPLEMENTATIONS = YES;
				CLANG_WARN_DIRECT_OBJC_ISA_USAGE = YES_ERROR;
				CLANG_WARN_DOCUMENTATION_COMMENTS = YES;
				CLANG_WARN_EMPTY_BODY = YES;
				CLANG_WARN_ENUM_CONVERSION = YES;
				CLANG_WARN_INFINITE_RECURSION = YES;
				CLANG_WARN_INT_CONVERSION = YES;
				CLANG_WARN_NON_LITERAL_NULL_CONVERSION = YES;
				CLANG_WARN_OBJC_IMPLICIT_RETAIN_SELF = YES;
				CLANG_WARN_OBJC_LITERAL_CONVERSION = YES;
				CLANG_WARN_OBJC_ROOT_CLASS = YES_ERROR;
				CLANG_WARN_RANGE_LOOP_ANALYSIS = YES;
				CLANG_WARN_STRICT_PROTOTYPES = YES;
				CLANG_WARN_SUSPICIOUS_MOVE = YES;
				CLANG_WARN_UNGUARDED_AVAILABILITY = YES_AGGRESSIVE;
				CLANG_WARN_UNREACHABLE_CODE = YES;
				CLANG_WARN__DUPLICATE_METHOD_MATCH = YES;
				CODE_SIGN_IDENTITY = "iPhone Developer";
				COPY_PHASE_STRIP = NO;
				DEBUG_INFORMATION_FORMAT = dwarf;
				ENABLE_STRICT_OBJC_MSGSEND = YES;
				ENABLE_TESTABILITY = YES;
				GCC_C_LANGUAGE_STANDARD = gnu11;
				GCC_DYNAMIC_NO_PIC = NO;
				GCC_NO_COMMON_BLOCKS = YES;
				GCC_OPTIMIZATION_LEVEL = 0;
				GCC_PREPROCESSOR_DEFINITIONS = (
					"DEBUG=1",
					"$(inherited)",
				);
				GCC_WARN_64_TO_32_BIT_CONVERSION = YES;
				GCC_WARN_ABOUT_RETURN_TYPE = YES_ERROR;
				GCC_WARN_UNDECLARED_SELECTOR = YES;
				GCC_WARN_UNINITIALIZED_AUTOS = YES_AGGRESSIVE;
				GCC_WARN_UNUSED_FUNCTION = YES;
				GCC_WARN_UNUSED_VARIABLE = YES;
				IPHONEOS_DEPLOYMENT_TARGET = 11.4;
				MTL_ENABLE_DEBUG_INFO = YES;
				ONLY_ACTIVE_ARCH = YES;
				SDKROOT = iphoneos;
				SWIFT_ACTIVE_COMPILATION_CONDITIONS = DEBUG;
				SWIFT_OPTIMIZATION_LEVEL = "-Onone";
			};
			name = Debug;
		};
		1F8678392141B212002685A4 /* Release */ = {
			isa = XCBuildConfiguration;
			buildSettings = {
				ALWAYS_SEARCH_USER_PATHS = NO;
				CLANG_ANALYZER_NONNULL = YES;
				CLANG_ANALYZER_NUMBER_OBJECT_CONVERSION = YES_AGGRESSIVE;
				CLANG_CXX_LANGUAGE_STANDARD = "gnu++14";
				CLANG_CXX_LIBRARY = "libc++";
				CLANG_ENABLE_MODULES = YES;
				CLANG_ENABLE_OBJC_ARC = YES;
				CLANG_ENABLE_OBJC_WEAK = YES;
				CLANG_WARN_BLOCK_CAPTURE_AUTORELEASING = YES;
				CLANG_WARN_BOOL_CONVERSION = YES;
				CLANG_WARN_COMMA = YES;
				CLANG_WARN_CONSTANT_CONVERSION = YES;
				CLANG_WARN_DEPRECATED_OBJC_IMPLEMENTATIONS = YES;
				CLANG_WARN_DIRECT_OBJC_ISA_USAGE = YES_ERROR;
				CLANG_WARN_DOCUMENTATION_COMMENTS = YES;
				CLANG_WARN_EMPTY_BODY = YES;
				CLANG_WARN_ENUM_CONVERSION = YES;
				CLANG_WARN_INFINITE_RECURSION = YES;
				CLANG_WARN_INT_CONVERSION = YES;
				CLANG_WARN_NON_LITERAL_NULL_CONVERSION = YES;
				CLANG_WARN_OBJC_IMPLICIT_RETAIN_SELF = YES;
				CLANG_WARN_OBJC_LITERAL_CONVERSION = YES;
				CLANG_WARN_OBJC_ROOT_CLASS = YES_ERROR;
				CLANG_WARN_RANGE_LOOP_ANALYSIS = YES;
				CLANG_WARN_STRICT_PROTOTYPES = YES;
				CLANG_WARN_SUSPICIOUS_MOVE = YES;
				CLANG_WARN_UNGUARDED_AVAILABILITY = YES_AGGRESSIVE;
				CLANG_WARN_UNREACHABLE_CODE = YES;
				CLANG_WARN__DUPLICATE_METHOD_MATCH = YES;
				CODE_SIGN_IDENTITY = "iPhone Developer";
				COPY_PHASE_STRIP = NO;
				DEBUG_INFORMATION_FORMAT = "dwarf-with-dsym";
				ENABLE_NS_ASSERTIONS = NO;
				ENABLE_STRICT_OBJC_MSGSEND = YES;
				GCC_C_LANGUAGE_STANDARD = gnu11;
				GCC_NO_COMMON_BLOCKS = YES;
				GCC_WARN_64_TO_32_BIT_CONVERSION = YES;
				GCC_WARN_ABOUT_RETURN_TYPE = YES_ERROR;
				GCC_WARN_UNDECLARED_SELECTOR = YES;
				GCC_WARN_UNINITIALIZED_AUTOS = YES_AGGRESSIVE;
				GCC_WARN_UNUSED_FUNCTION = YES;
				GCC_WARN_UNUSED_VARIABLE = YES;
				IPHONEOS_DEPLOYMENT_TARGET = 11.4;
				MTL_ENABLE_DEBUG_INFO = NO;
				SDKROOT = iphoneos;
				SWIFT_COMPILATION_MODE = wholemodule;
				SWIFT_OPTIMIZATION_LEVEL = "-O";
				VALIDATE_PRODUCT = YES;
			};
			name = Release;
		};
		1F86783B2141B212002685A4 /* Debug */ = {
			isa = XCBuildConfiguration;
			buildSettings = {
				ASSETCATALOG_COMPILER_APPICON_NAME = AppIcon;
				CODE_SIGN_STYLE = Automatic;
				INFOPLIST_FILE = "Keto-Station/Info.plist";
				LD_RUNPATH_SEARCH_PATHS = (
					"$(inherited)",
					"@executable_path/Frameworks",
				);
				PRODUCT_BUNDLE_IDENTIFIER = "princeali909.Keto-Station";
				PRODUCT_NAME = "$(TARGET_NAME)";
				SWIFT_VERSION = 4.0;
				TARGETED_DEVICE_FAMILY = "1,2";
			};
			name = Debug;
		};
		1F86783C2141B212002685A4 /* Release */ = {
			isa = XCBuildConfiguration;
			buildSettings = {
				ASSETCATALOG_COMPILER_APPICON_NAME = AppIcon;
				CODE_SIGN_STYLE = Automatic;
				INFOPLIST_FILE = "Keto-Station/Info.plist";
				LD_RUNPATH_SEARCH_PATHS = (
					"$(inherited)",
					"@executable_path/Frameworks",
				);
				PRODUCT_BUNDLE_IDENTIFIER = "princeali909.Keto-Station";
				PRODUCT_NAME = "$(TARGET_NAME)";
				SWIFT_VERSION = 4.0;
				TARGETED_DEVICE_FAMILY = "1,2";
			};
			name = Release;
		};
		1F86783E2141B212002685A4 /* Debug */ = {
			isa = XCBuildConfiguration;
			buildSettings = {
				ALWAYS_EMBED_SWIFT_STANDARD_LIBRARIES = YES;
				BUNDLE_LOADER = "$(TEST_HOST)";
				CODE_SIGN_STYLE = Automatic;
				INFOPLIST_FILE = "Keto-StationTests/Info.plist";
				LD_RUNPATH_SEARCH_PATHS = (
					"$(inherited)",
					"@executable_path/Frameworks",
					"@loader_path/Frameworks",
				);
				PRODUCT_BUNDLE_IDENTIFIER = "princeali909.Keto-StationTests";
				PRODUCT_NAME = "$(TARGET_NAME)";
				SWIFT_VERSION = 4.0;
				TARGETED_DEVICE_FAMILY = "1,2";
				TEST_HOST = "$(BUILT_PRODUCTS_DIR)/Keto-Station.app/Keto-Station";
			};
			name = Debug;
		};
		1F86783F2141B212002685A4 /* Release */ = {
			isa = XCBuildConfiguration;
			buildSettings = {
				ALWAYS_EMBED_SWIFT_STANDARD_LIBRARIES = YES;
				BUNDLE_LOADER = "$(TEST_HOST)";
				CODE_SIGN_STYLE = Automatic;
				INFOPLIST_FILE = "Keto-StationTests/Info.plist";
				LD_RUNPATH_SEARCH_PATHS = (
					"$(inherited)",
					"@executable_path/Frameworks",
					"@loader_path/Frameworks",
				);
				PRODUCT_BUNDLE_IDENTIFIER = "princeali909.Keto-StationTests";
				PRODUCT_NAME = "$(TARGET_NAME)";
				SWIFT_VERSION = 4.0;
				TARGETED_DEVICE_FAMILY = "1,2";
				TEST_HOST = "$(BUILT_PRODUCTS_DIR)/Keto-Station.app/Keto-Station";
			};
			name = Release;
		};
		1F8678412141B212002685A4 /* Debug */ = {
			isa = XCBuildConfiguration;
			buildSettings = {
				ALWAYS_EMBED_SWIFT_STANDARD_LIBRARIES = YES;
				CODE_SIGN_STYLE = Automatic;
				INFOPLIST_FILE = "Keto-StationUITests/Info.plist";
				LD_RUNPATH_SEARCH_PATHS = (
					"$(inherited)",
					"@executable_path/Frameworks",
					"@loader_path/Frameworks",
				);
				PRODUCT_BUNDLE_IDENTIFIER = "princeali909.Keto-StationUITests";
				PRODUCT_NAME = "$(TARGET_NAME)";
				SWIFT_VERSION = 4.0;
				TARGETED_DEVICE_FAMILY = "1,2";
				TEST_TARGET_NAME = "Keto-Station";
			};
			name = Debug;
		};
		1F8678422141B212002685A4 /* Release */ = {
			isa = XCBuildConfiguration;
			buildSettings = {
				ALWAYS_EMBED_SWIFT_STANDARD_LIBRARIES = YES;
				CODE_SIGN_STYLE = Automatic;
				INFOPLIST_FILE = "Keto-StationUITests/Info.plist";
				LD_RUNPATH_SEARCH_PATHS = (
					"$(inherited)",
					"@executable_path/Frameworks",
					"@loader_path/Frameworks",
				);
				PRODUCT_BUNDLE_IDENTIFIER = "princeali909.Keto-StationUITests";
				PRODUCT_NAME = "$(TARGET_NAME)";
				SWIFT_VERSION = 4.0;
				TARGETED_DEVICE_FAMILY = "1,2";
				TEST_TARGET_NAME = "Keto-Station";
			};
			name = Release;
		};
/* End XCBuildConfiguration section */

/* Begin XCConfigurationList section */
		1F86780D2141B211002685A4 /* Build configuration list for PBXProject "Keto-Station" */ = {
			isa = XCConfigurationList;
			buildConfigurations = (
				1F8678382141B212002685A4 /* Debug */,
				1F8678392141B212002685A4 /* Release */,
			);
			defaultConfigurationIsVisible = 0;
			defaultConfigurationName = Release;
		};
		1F86783A2141B212002685A4 /* Build configuration list for PBXNativeTarget "Keto-Station" */ = {
			isa = XCConfigurationList;
			buildConfigurations = (
				1F86783B2141B212002685A4 /* Debug */,
				1F86783C2141B212002685A4 /* Release */,
			);
			defaultConfigurationIsVisible = 0;
			defaultConfigurationName = Release;
		};
		1F86783D2141B212002685A4 /* Build configuration list for PBXNativeTarget "Keto-StationTests" */ = {
			isa = XCConfigurationList;
			buildConfigurations = (
				1F86783E2141B212002685A4 /* Debug */,
				1F86783F2141B212002685A4 /* Release */,
			);
			defaultConfigurationIsVisible = 0;
			defaultConfigurationName = Release;
		};
		1F8678402141B212002685A4 /* Build configuration list for PBXNativeTarget "Keto-StationUITests" */ = {
			isa = XCConfigurationList;
			buildConfigurations = (
				1F8678412141B212002685A4 /* Debug */,
				1F8678422141B212002685A4 /* Release */,
			);
			defaultConfigurationIsVisible = 0;
			defaultConfigurationName = Release;
		};
/* End XCConfigurationList section */
	};
	rootObject = 1F86780A2141B211002685A4 /* Project object */;
}
